
Microsoft Visual Studio Solution File, Format Version 12.00
# Visual Studio Version 17
VisualStudioVersion = 17.2.32630.192
MinimumVisualStudioVersion = 10.0.40219.1
Project("{9A19103F-16F7-4668-BE54-9A1E7A4F7556}") = "ReceiveEvents", "ReceiveEvents\ReceiveEvents.csproj", "{01FF2E34-7EA6-4ED7-A9A9-A5069AD17131}"
EndProject
Project("{9A19103F-16F7-4668-BE54-9A1E7A4F7556}") = "SendEvents", "SendEvents\SendEvents.csproj", "{5C90DB67-AE78-4E35-812E-9463D023D68C}"
EndProject
Global
	GlobalSection(SolutionConfigurationPlatforms) = preSolution
		Debug|Any CPU = Debug|Any CPU
		Release|Any CPU = Release|Any CPU
	EndGlobalSection
	GlobalSection(ProjectConfigurationPlatforms) = postSolution
		{01FF2E34-7EA6-4ED7-A9A9-A5069AD17131}.Debug|Any CPU.ActiveCfg = Debug|Any CPU
		{01FF2E34-7EA6-4ED7-A9A9-A5069AD17131}.Debug|Any CPU.Build.0 = Debug|Any CPU
		{01FF2E34-7EA6-4ED7-A9A9-A5069AD17131}.Release|Any CPU.ActiveCfg = Release|Any CPU
		{01FF2E34-7EA6-4ED7-A9A9-A5069AD17131}.Release|Any CPU.Build.0 = Release|Any CPU
		{5C90DB67-AE78-4E35-812E-9463D023D68C}.Debug|Any CPU.ActiveCfg = Debug|Any CPU
		{5C90DB67-AE78-4E35-812E-9463D023D68C}.Debug|Any CPU.Build.0 = Debug|Any CPU
		{5C90DB67-AE78-4E35-812E-9463D023D68C}.Release|Any CPU.ActiveCfg = Release|Any CPU
		{5C90DB67-AE78-4E35-812E-9463D023D68C}.Release|Any CPU.Build.0 = Release|Any CPU
	EndGlobalSection
	GlobalSection(SolutionProperties) = preSolution
		HideSolutionNode = FALSE
	EndGlobalSection
	GlobalSection(ExtensibilityGlobals) = postSolution
		SolutionGuid = {8F422BC7-8C5F-497B-9761-318B72C26B37}
	EndGlobalSection
EndGlobal
